// !$*UTF8*$!
{
	archiveVersion = 1;
	classes = {
	};
	objectVersion = 46;
	objects = {

/* Begin PBXBuildFile section */
		E91F79421B0203D000EB028B /* AppDelegate.swift in Sources */ = {isa = PBXBuildFile; fileRef = E91F79411B0203D000EB028B /* AppDelegate.swift */; };
		E91F79441B0203D000EB028B /* ViewController.swift in Sources */ = {isa = PBXBuildFile; fileRef = E91F79431B0203D000EB028B /* ViewController.swift */; };
		E91F79471B0203D000EB028B /* Main.storyboard in Resources */ = {isa = PBXBuildFile; fileRef = E91F79451B0203D000EB028B /* Main.storyboard */; };
		E91F79491B0203D000EB028B /* Images.xcassets in Resources */ = {isa = PBXBuildFile; fileRef = E91F79481B0203D000EB028B /* Images.xcassets */; };
		E91F794C1B0203D000EB028B /* LaunchScreen.xib in Resources */ = {isa = PBXBuildFile; fileRef = E91F794A1B0203D000EB028B /* LaunchScreen.xib */; };
		E929D7B71B0238B4002F6F63 /* MenuView.swift in Sources */ = {isa = PBXBuildFile; fileRef = E929D7B61B0238B4002F6F63 /* MenuView.swift */; };
		E929D7B91B02400D002F6F63 /* MenuItem.swift in Sources */ = {isa = PBXBuildFile; fileRef = E929D7B81B02400D002F6F63 /* MenuItem.swift */; };
/* End PBXBuildFile section */

/* Begin PBXContainerItemProxy section */
		E91F79521B0203D000EB028B /* PBXContainerItemProxy */ = {
			isa = PBXContainerItemProxy;
			containerPortal = E91F79341B0203D000EB028B /* Project object */;
			proxyType = 1;
			remoteGlobalIDString = E91F793B1B0203D000EB028B;
			remoteInfo = myfeedPOC;
		};
/* End PBXContainerItemProxy section */

/* Begin PBXFileReference section */
		E91F793C1B0203D000EB028B /* myfeedPOC.app */ = {isa = PBXFileReference; explicitFileType = wrapper.application; includeInIndex = 0; path = myfeedPOC.app; sourceTree = BUILT_PRODUCTS_DIR; };
		E91F79401B0203D000EB028B /* Info.plist */ = {isa = PBXFileReference; lastKnownFileType = text.plist.xml; path = Info.plist; sourceTree = "<group>"; };
		E91F79411B0203D000EB028B /* AppDelegate.swift */ = {isa = PBXFileReference; lastKnownFileType = sourcecode.swift; path = AppDelegate.swift; sourceTree = "<group>"; };
		E91F79431B0203D000EB028B /* ViewController.swift */ = {isa = PBXFileReference; lastKnownFileType = sourcecode.swift; path = ViewController.swift; sourceTree = "<group>"; };
		E91F79461B0203D000EB028B /* Base */ = {isa = PBXFileReference; lastKnownFileType = file.storyboard; name = Base; path = Base.lproj/Main.storyboard; sourceTree = "<group>"; };
		E91F79481B0203D000EB028B /* Images.xcassets */ = {isa = PBXFileReference; lastKnownFileType = folder.assetcatalog; path = Images.xcassets; sourceTree = "<group>"; };
		E91F794B1B0203D000EB028B /* Base */ = {isa = PBXFileReference; lastKnownFileType = file.xib; name = Base; path = Base.lproj/LaunchScreen.xib; sourceTree = "<group>"; };
		E91F79511B0203D000EB028B /* myfeedPOCTests.xctest */ = {isa = PBXFileReference; explicitFileType = wrapper.cfbundle; includeInIndex = 0; path = myfeedPOCTests.xctest; sourceTree = BUILT_PRODUCTS_DIR; };
		E929D7B61B0238B4002F6F63 /* MenuView.swift */ = {isa = PBXFileReference; fileEncoding = 4; lastKnownFileType = sourcecode.swift; path = MenuView.swift; sourceTree = "<group>"; };
		E929D7B81B02400D002F6F63 /* MenuItem.swift */ = {isa = PBXFileReference; fileEncoding = 4; lastKnownFileType = sourcecode.swift; path = MenuItem.swift; sourceTree = "<group>"; };
/* End PBXFileReference section */

/* Begin PBXFrameworksBuildPhase section */
		E91F79391B0203D000EB028B /* Frameworks */ = {
			isa = PBXFrameworksBuildPhase;
			buildActionMask = 2147483647;
			files = (
			);
			runOnlyForDeploymentPostprocessing = 0;
		};
		E91F794E1B0203D000EB028B /* Frameworks */ = {
			isa = PBXFrameworksBuildPhase;
			buildActionMask = 2147483647;
			files = (
			);
			runOnlyForDeploymentPostprocessing = 0;
		};
/* End PBXFrameworksBuildPhase section */

/* Begin PBXGroup section */
		E91F79331B0203D000EB028B = {
			isa = PBXGroup;
			children = (
				E91F793E1B0203D000EB028B /* myfeedPOC */,
				E91F793D1B0203D000EB028B /* Products */,
			);
			sourceTree = "<group>";
		};
		E91F793D1B0203D000EB028B /* Products */ = {
			isa = PBXGroup;
			children = (
				E91F793C1B0203D000EB028B /* myfeedPOC.app */,
				E91F79511B0203D000EB028B /* myfeedPOCTests.xctest */,
			);
			name = Products;
			sourceTree = "<group>";
		};
		E91F793E1B0203D000EB028B /* myfeedPOC */ = {
			isa = PBXGroup;
			children = (
				E91F79411B0203D000EB028B /* AppDelegate.swift */,
				E91F79431B0203D000EB028B /* ViewController.swift */,
				E91F79451B0203D000EB028B /* Main.storyboard */,
				E91F79481B0203D000EB028B /* Images.xcassets */,
				E91F794A1B0203D000EB028B /* LaunchScreen.xib */,
				E91F793F1B0203D000EB028B /* Supporting Files */,
				E929D7B61B0238B4002F6F63 /* MenuView.swift */,
				E929D7B81B02400D002F6F63 /* MenuItem.swift */,
			);
			path = myfeedPOC;
			sourceTree = "<group>";
		};
		E91F793F1B0203D000EB028B /* Supporting Files */ = {
			isa = PBXGroup;
			children = (
				E91F79401B0203D000EB028B /* Info.plist */,
			);
			name = "Supporting Files";
			sourceTree = "<group>";
		};
/* End PBXGroup section */

/* Begin PBXNativeTarget section */
		E91F793B1B0203D000EB028B /* myfeedPOC */ = {
			isa = PBXNativeTarget;
			buildConfigurationList = E91F795B1B0203D000EB028B /* Build configuration list for PBXNativeTarget "myfeedPOC" */;
			buildPhases = (
				E91F79381B0203D000EB028B /* Sources */,
				E91F79391B0203D000EB028B /* Frameworks */,
				E91F793A1B0203D000EB028B /* Resources */,
			);
			buildRules = (
			);
			dependencies = (
			);
			name = myfeedPOC;
			productName = myfeedPOC;
			productReference = E91F793C1B0203D000EB028B /* myfeedPOC.app */;
			productType = "com.apple.product-type.application";
		};
		E91F79501B0203D000EB028B /* myfeedPOCTests */ = {
			isa = PBXNativeTarget;
			buildConfigurationList = E91F795E1B0203D000EB028B /* Build configuration list for PBXNativeTarget "myfeedPOCTests" */;
			buildPhases = (
				E91F794D1B0203D000EB028B /* Sources */,
				E91F794E1B0203D000EB028B /* Frameworks */,
				E91F794F1B0203D000EB028B /* Resources */,
			);
			buildRules = (
			);
			dependencies = (
				E91F79531B0203D000EB028B /* PBXTargetDependency */,
			);
			name = myfeedPOCTests;
			productName = myfeedPOCTests;
			productReference = E91F79511B0203D000EB028B /* myfeedPOCTests.xctest */;
			productType = "com.apple.product-type.bundle.unit-test";
		};
/* End PBXNativeTarget section */

/* Begin PBXProject section */
		E91F79341B0203D000EB028B /* Project object */ = {
			isa = PBXProject;
			attributes = {
				LastUpgradeCheck = 0630;
				ORGANIZATIONNAME = zalando;
				TargetAttributes = {
					E91F793B1B0203D000EB028B = {
						CreatedOnToolsVersion = 6.3;
						DevelopmentTeam = K7C399XTGR;
					};
					E91F79501B0203D000EB028B = {
						CreatedOnToolsVersion = 6.3;
						TestTargetID = E91F793B1B0203D000EB028B;
					};
				};
			};
			buildConfigurationList = E91F79371B0203D000EB028B /* Build configuration list for PBXProject "myfeedPOC" */;
			compatibilityVersion = "Xcode 3.2";
			developmentRegion = English;
			hasScannedForEncodings = 0;
			knownRegions = (
				en,
				Base,
			);
			mainGroup = E91F79331B0203D000EB028B;
			productRefGroup = E91F793D1B0203D000EB028B /* Products */;
			projectDirPath = "";
			projectRoot = "";
			targets = (
				E91F793B1B0203D000EB028B /* myfeedPOC */,
				E91F79501B0203D000EB028B /* myfeedPOCTests */,
			);
		};
/* End PBXProject section */

/* Begin PBXResourcesBuildPhase section */
		E91F793A1B0203D000EB028B /* Resources */ = {
			isa = PBXResourcesBuildPhase;
			buildActionMask = 2147483647;
			files = (
				E91F79471B0203D000EB028B /* Main.storyboard in Resources */,
				E91F794C1B0203D000EB028B /* LaunchScreen.xib in Resources */,
				E91F79491B0203D000EB028B /* Images.xcassets in Resources */,
			);
			runOnlyForDeploymentPostprocessing = 0;
		};
		E91F794F1B0203D000EB028B /* Resources */ = {
			isa = PBXResourcesBuildPhase;
			buildActionMask = 2147483647;
			files = (
			);
			runOnlyForDeploymentPostprocessing = 0;
		};
/* End PBXResourcesBuildPhase section */

/* Begin PBXSourcesBuildPhase section */
		E91F79381B0203D000EB028B /* Sources */ = {
			isa = PBXSourcesBuildPhase;
			buildActionMask = 2147483647;
			files = (
				E91F79441B0203D000EB028B /* ViewController.swift in Sources */,
				E929D7B71B0238B4002F6F63 /* MenuView.swift in Sources */,
				E91F79421B0203D000EB028B /* AppDelegate.swift in Sources */,
				E929D7B91B02400D002F6F63 /* MenuItem.swift in Sources */,
			);
			runOnlyForDeploymentPostprocessing = 0;
		};
		E91F794D1B0203D000EB028B /* Sources */ = {
			isa = PBXSourcesBuildPhase;
			buildActionMask = 2147483647;
			files = (
			);
			runOnlyForDeploymentPostprocessing = 0;
		};
/* End PBXSourcesBuildPhase section */

/* Begin PBXTargetDependency section */
		E91F79531B0203D000EB028B /* PBXTargetDependency */ = {
			isa = PBXTargetDependency;
			target = E91F793B1B0203D000EB028B /* myfeedPOC */;
			targetProxy = E91F79521B0203D000EB028B /* PBXContainerItemProxy */;
		};
/* End PBXTargetDependency section */

/* Begin PBXVariantGroup section */
		E91F79451B0203D000EB028B /* Main.storyboard */ = {
			isa = PBXVariantGroup;
			children = (
				E91F79461B0203D000EB028B /* Base */,
			);
			name = Main.storyboard;
			sourceTree = "<group>";
		};
		E91F794A1B0203D000EB028B /* LaunchScreen.xib */ = {
			isa = PBXVariantGroup;
			children = (
				E91F794B1B0203D000EB028B /* Base */,
			);
			name = LaunchScreen.xib;
			sourceTree = "<group>";
		};
/* End PBXVariantGroup section */

/* Begin XCBuildConfiguration section */
		E91F79591B0203D000EB028B /* Debug */ = {
			isa = XCBuildConfiguration;
			buildSettings = {
				ALWAYS_SEARCH_USER_PATHS = NO;
				CLANG_CXX_LANGUAGE_STANDARD = "gnu++0x";
				CLANG_CXX_LIBRARY = "libc++";
				CLANG_ENABLE_MODULES = YES;
				CLANG_ENABLE_OBJC_ARC = YES;
				CLANG_WARN_BOOL_CONVERSION = YES;
				CLANG_WARN_CONSTANT_CONVERSION = YES;
				CLANG_WARN_DIRECT_OBJC_ISA_USAGE = YES_ERROR;
				CLANG_WARN_EMPTY_BODY = YES;
				CLANG_WARN_ENUM_CONVERSION = YES;
				CLANG_WARN_INT_CONVERSION = YES;
				CLANG_WARN_OBJC_ROOT_CLASS = YES_ERROR;
				CLANG_WARN_UNREACHABLE_CODE = YES;
				CLANG_WARN__DUPLICATE_METHOD_MATCH = YES;
				"CODE_SIGN_IDENTITY[sdk=iphoneos*]" = "iPhone Developer";
				COPY_PHASE_STRIP = NO;
				DEBUG_INFORMATION_FORMAT = "dwarf-with-dsym";
				ENABLE_STRICT_OBJC_MSGSEND = YES;
				GCC_C_LANGUAGE_STANDARD = gnu99;
				GCC_DYNAMIC_NO_PIC = NO;
				GCC_NO_COMMON_BLOCKS = YES;
				GCC_OPTIMIZATION_LEVEL = 0;
				GCC_PREPROCESSOR_DEFINITIONS = (
					"DEBUG=1",
					"$(inherited)",
				);
				GCC_SYMBOLS_PRIVATE_EXTERN = NO;
				GCC_WARN_64_TO_32_BIT_CONVERSION = YES;
				GCC_WARN_ABOUT_RETURN_TYPE = YES_ERROR;
				GCC_WARN_UNDECLARED_SELECTOR = YES;
				GCC_WARN_UNINITIALIZED_AUTOS = YES_AGGRESSIVE;
				GCC_WARN_UNUSED_FUNCTION = YES;
				GCC_WARN_UNUSED_VARIABLE = YES;
				IPHONEOS_DEPLOYMENT_TARGET = 8.3;
				MTL_ENABLE_DEBUG_INFO = YES;
				ONLY_ACTIVE_ARCH = YES;
				SDKROOT = iphoneos;
				SWIFT_OPTIMIZATION_LEVEL = "-Onone";
				TARGETED_DEVICE_FAMILY = "1,2";
			};
			name = Debug;
		};
		E91F795A1B0203D000EB028B /* Release */ = {
			isa = XCBuildConfiguration;
			buildSettings = {
				ALWAYS_SEARCH_USER_PATHS = NO;
				CLANG_CXX_LANGUAGE_STANDARD = "gnu++0x";
				CLANG_CXX_LIBRARY = "libc++";
				CLANG_ENABLE_MODULES = YES;
				CLANG_ENABLE_OBJC_ARC = YES;
				CLANG_WARN_BOOL_CONVERSION = YES;
				CLANG_WARN_CONSTANT_CONVERSION = YES;
				CLANG_WARN_DIRECT_OBJC_ISA_USAGE = YES_ERROR;
				CLANG_WARN_EMPTY_BODY = YES;
				CLANG_WARN_ENUM_CONVERSION = YES;
				CLANG_WARN_INT_CONVERSION = YES;
				CLANG_WARN_OBJC_ROOT_CLASS = YES_ERROR;
				CLANG_WARN_UNREACHABLE_CODE = YES;
				CLANG_WARN__DUPLICATE_METHOD_MATCH = YES;
				"CODE_SIGN_IDENTITY[sdk=iphoneos*]" = "iPhone Developer";
				COPY_PHASE_STRIP = NO;
				DEBUG_INFORMATION_FORMAT = "dwarf-with-dsym";
				ENABLE_NS_ASSERTIONS = NO;
				ENABLE_STRICT_OBJC_MSGSEND = YES;
				GCC_C_LANGUAGE_STANDARD = gnu99;
				GCC_NO_COMMON_BLOCKS = YES;
				GCC_WARN_64_TO_32_BIT_CONVERSION = YES;
				GCC_WARN_ABOUT_RETURN_TYPE = YES_ERROR;
				GCC_WARN_UNDECLARED_SELECTOR = YES;
				GCC_WARN_UNINITIALIZED_AUTOS = YES_AGGRESSIVE;
				GCC_WARN_UNUSED_FUNCTION = YES;
				GCC_WARN_UNUSED_VARIABLE = YES;
				IPHONEOS_DEPLOYMENT_TARGET = 8.3;
				MTL_ENABLE_DEBUG_INFO = NO;
				SDKROOT = iphoneos;
				TARGETED_DEVICE_FAMILY = "1,2";
				VALIDATE_PRODUCT = YES;
			};
			name = Release;
		};
		E91F795C1B0203D000EB028B /* Debug */ = {
			isa = XCBuildConfiguration;
			buildSettings = {
				ASSETCATALOG_COMPILER_APPICON_NAME = AppIcon;
				CODE_SIGN_IDENTITY = "iPhone Developer";
				"CODE_SIGN_IDENTITY[sdk=iphoneos*]" = "iPhone Developer";
				INFOPLIST_FILE = myfeedPOC/Info.plist;
				LD_RUNPATH_SEARCH_PATHS = "$(inherited) @executable_path/Frameworks";
				PRODUCT_NAME = "$(TARGET_NAME)";
				PROVISIONING_PROFILE = "";
			};
			name = Debug;
		};
		E91F795D1B0203D000EB028B /* Release */ = {
			isa = XCBuildConfiguration;
			buildSettings = {
				ASSETCATALOG_COMPILER_APPICON_NAME = AppIcon;
				CODE_SIGN_IDENTITY = "iPhone Developer";
				"CODE_SIGN_IDENTITY[sdk=iphoneos*]" = "iPhone Developer";
				INFOPLIST_FILE = myfeedPOC/Info.plist;
				LD_RUNPATH_SEARCH_PATHS = "$(inherited) @executable_path/Frameworks";
				PRODUCT_NAME = "$(TARGET_NAME)";
				PROVISIONING_PROFILE = "";
			};
			name = Release;
		};
		E91F795F1B0203D000EB028B /* Debug */ = {
			isa = XCBuildConfiguration;
			buildSettings = {
				BUNDLE_LOADER = "$(TEST_HOST)";
				FRAMEWORK_SEARCH_PATHS = (
					"$(SDKROOT)/Developer/Library/Frameworks",
					"$(inherited)",
				);
				GCC_PREPROCESSOR_DEFINITIONS = (
					"DEBUG=1",
					"$(inherited)",
				);
				INFOPLIST_FILE = myfeedPOCTests/Info.plist;
				LD_RUNPATH_SEARCH_PATHS = "$(inherited) @executable_path/Frameworks @loader_path/Frameworks";
				PRODUCT_NAME = "$(TARGET_NAME)";
				TEST_HOST = "$(BUILT_PRODUCTS_DIR)/myfeedPOC.app/myfeedPOC";
			};
			name = Debug;
		};
		E91F79601B0203D000EB028B /* Release */ = {
			isa = XCBuildConfiguration;
			buildSettings = {
				BUNDLE_LOADER = "$(TEST_HOST)";
				FRAMEWORK_SEARCH_PATHS = (
					"$(SDKROOT)/Developer/Library/Frameworks",
					"$(inherited)",
				);
				INFOPLIST_FILE = myfeedPOCTests/Info.plist;
				LD_RUNPATH_SEARCH_PATHS = "$(inherited) @executable_path/Frameworks @loader_path/Frameworks";
				PRODUCT_NAME = "$(TARGET_NAME)";
				TEST_HOST = "$(BUILT_PRODUCTS_DIR)/myfeedPOC.app/myfeedPOC";
			};
			name = Release;
		};
/* End XCBuildConfiguration section */

/* Begin XCConfigurationList section */
		E91F79371B0203D000EB028B /* Build configuration list for PBXProject "myfeedPOC" */ = {
			isa = XCConfigurationList;
			buildConfigurations = (
				E91F79591B0203D000EB028B /* Debug */,
				E91F795A1B0203D000EB028B /* Release */,
			);
			defaultConfigurationIsVisible = 0;
			defaultConfigurationName = Release;
		};
		E91F795B1B0203D000EB028B /* Build configuration list for PBXNativeTarget "myfeedPOC" */ = {
			isa = XCConfigurationList;
			buildConfigurations = (
				E91F795C1B0203D000EB028B /* Debug */,
				E91F795D1B0203D000EB028B /* Release */,
			);
			defaultConfigurationIsVisible = 0;
			defaultConfigurationName = Release;
		};
		E91F795E1B0203D000EB028B /* Build configuration list for PBXNativeTarget "myfeedPOCTests" */ = {
			isa = XCConfigurationList;
			buildConfigurations = (
				E91F795F1B0203D000EB028B /* Debug */,
				E91F79601B0203D000EB028B /* Release */,
			);
			defaultConfigurationIsVisible = 0;
			defaultConfigurationName = Release;
		};
/* End XCConfigurationList section */
	};
	rootObject = E91F79341B0203D000EB028B /* Project object */;
}
